Microsoft Visual Studio Solution File, Format Version 12.00
# Visual Studio Version 17
VisualStudioVersion = 17.5.2.0
MinimumVisualStudioVersion = 10.0.40219.1
Project("{FAE04EC0-301F-11D3-BF4B-00C04F79EFBC}") = "myco", "myco.csproj", "{3A914785-B1D0-FB8B-4A05-E1BFD8EE64E1}"
EndProject
Global
	GlobalSection(SolutionConfigurationPlatforms) = preSolution
		Debug|Any CPU = Debug|Any CPU
		Release|Any CPU = Release|Any CPU
	EndGlobalSection
	GlobalSection(ProjectConfigurationPlatforms) = postSolution
		{3A914785-B1D0-FB8B-4A05-E1BFD8EE64E1}.Debug|Any CPU.ActiveCfg = Debug|Any CPU
		{3A914785-B1D0-FB8B-4A05-E1BFD8EE64E1}.Debug|Any CPU.Build.0 = Debug|Any CPU
		{3A914785-B1D0-FB8B-4A05-E1BFD8EE64E1}.Release|Any CPU.ActiveCfg = Release|Any CPU
		{3A914785-B1D0-FB8B-4A05-E1BFD8EE64E1}.Release|Any CPU.Build.0 = Release|Any CPU
	EndGlobalSection
	GlobalSection(SolutionProperties) = preSolution
		HideSolutionNode = FALSE
	EndGlobalSection
	GlobalSection(ExtensibilityGlobals) = postSolution
		SolutionGuid = {F15C9C05-9EBC-42CB-A808-6C05EDAF885D}
	EndGlobalSection
EndGlobal
